
Microsoft Visual Studio Solution File, Format Version 12.00
# Visual Studio Version 17
VisualStudioVersion = 17.13.35825.156 d17.13
MinimumVisualStudioVersion = 10.0.40219.1
Project("{FAE04EC0-301F-11D3-BF4B-00C04F79EFBC}") = "ImageRotationMicroservice", "ImageRotationMicroservice\ImageRotationMicroservice.csproj", "{8712BEC6-E95E-4AAB-A190-3ED85B70CECB}"
EndProject
Global
	GlobalSection(SolutionConfigurationPlatforms) = preSolution
		Debug|Any CPU = Debug|Any CPU
		Release|Any CPU = Release|Any CPU
	EndGlobalSection
	GlobalSection(ProjectConfigurationPlatforms) = postSolution
		{8712BEC6-E95E-4AAB-A190-3ED85B70CECB}.Debug|Any CPU.ActiveCfg = Debug|Any CPU
		{8712BEC6-E95E-4AAB-A190-3ED85B70CECB}.Debug|Any CPU.Build.0 = Debug|Any CPU
		{8712BEC6-E95E-4AAB-A190-3ED85B70CECB}.Release|Any CPU.ActiveCfg = Release|Any CPU
		{8712BEC6-E95E-4AAB-A190-3ED85B70CECB}.Release|Any CPU.Build.0 = Release|Any CPU
	EndGlobalSection
	GlobalSection(SolutionProperties) = preSolution
		HideSolutionNode = FALSE
	EndGlobalSection
	GlobalSection(ExtensibilityGlobals) = postSolution
		SolutionGuid = {3DACB61A-457F-4B14-B301-0022A8A848D9}
	EndGlobalSection
EndGlobal
